// !$*UTF8*$!
{
	archiveVersion = 1;
	classes = {
	};
	objectVersion = 46;
	objects = {

/* Begin PBXBuildFile section */
		38EB277C1EF000F3007BF553 /* AppDelegate.swift in Sources */ = {isa = PBXBuildFile; fileRef = 38EB277B1EF000F3007BF553 /* AppDelegate.swift */; };
		38EB277E1EF000F3007BF553 /* ViewController.swift in Sources */ = {isa = PBXBuildFile; fileRef = 38EB277D1EF000F3007BF553 /* ViewController.swift */; };
		38EB27811EF000F3007BF553 /* Main.storyboard in Resources */ = {isa = PBXBuildFile; fileRef = 38EB277F1EF000F3007BF553 /* Main.storyboard */; };
		38EB27831EF000F3007BF553 /* Assets.xcassets in Resources */ = {isa = PBXBuildFile; fileRef = 38EB27821EF000F3007BF553 /* Assets.xcassets */; };
		38EB27861EF000F3007BF553 /* LaunchScreen.storyboard in Resources */ = {isa = PBXBuildFile; fileRef = 38EB27841EF000F3007BF553 /* LaunchScreen.storyboard */; };
		38EB27911EF000F4007BF553 /* RSSReaderTests.swift in Sources */ = {isa = PBXBuildFile; fileRef = 38EB27901EF000F4007BF553 /* RSSReaderTests.swift */; };
/* End PBXBuildFile section */

/* Begin PBXContainerItemProxy section */
		38EB278D1EF000F3007BF553 /* PBXContainerItemProxy */ = {
			isa = PBXContainerItemProxy;
			containerPortal = 38EB27701EF000F3007BF553 /* Project object */;
			proxyType = 1;
			remoteGlobalIDString = 38EB27771EF000F3007BF553;
			remoteInfo = RSSReader;
		};
/* End PBXContainerItemProxy section */

/* Begin PBXFileReference section */
		38EB27781EF000F3007BF553 /* RSSReader.app */ = {isa = PBXFileReference; explicitFileType = wrapper.application; includeInIndex = 0; path = RSSReader.app; sourceTree = BUILT_PRODUCTS_DIR; };
		38EB277B1EF000F3007BF553 /* AppDelegate.swift */ = {isa = PBXFileReference; lastKnownFileType = sourcecode.swift; path = AppDelegate.swift; sourceTree = "<group>"; };
		38EB277D1EF000F3007BF553 /* ViewController.swift */ = {isa = PBXFileReference; lastKnownFileType = sourcecode.swift; path = ViewController.swift; sourceTree = "<group>"; };
		38EB27801EF000F3007BF553 /* Base */ = {isa = PBXFileReference; lastKnownFileType = file.storyboard; name = Base; path = Base.lproj/Main.storyboard; sourceTree = "<group>"; };
		38EB27821EF000F3007BF553 /* Assets.xcassets */ = {isa = PBXFileReference; lastKnownFileType = folder.assetcatalog; path = Assets.xcassets; sourceTree = "<group>"; };
		38EB27851EF000F3007BF553 /* Base */ = {isa = PBXFileReference; lastKnownFileType = file.storyboard; name = Base; path = Base.lproj/LaunchScreen.storyboard; sourceTree = "<group>"; };
		38EB27871EF000F3007BF553 /* Info.plist */ = {isa = PBXFileReference; lastKnownFileType = text.plist.xml; path = Info.plist; sourceTree = "<group>"; };
		38EB278C1EF000F3007BF553 /* RSSReaderTests.xctest */ = {isa = PBXFileReference; explicitFileType = wrapper.cfbundle; includeInIndex = 0; path = RSSReaderTests.xctest; sourceTree = BUILT_PRODUCTS_DIR; };
		38EB27901EF000F4007BF553 /* RSSReaderTests.swift */ = {isa = PBXFileReference; lastKnownFileType = sourcecode.swift; path = RSSReaderTests.swift; sourceTree = "<group>"; };
		38EB27921EF000F4007BF553 /* Info.plist */ = {isa = PBXFileReference; lastKnownFileType = text.plist.xml; path = Info.plist; sourceTree = "<group>"; };
/* End PBXFileReference section */

/* Begin PBXFrameworksBuildPhase section */
		38EB27751EF000F3007BF553 /* Frameworks */ = {
			isa = PBXFrameworksBuildPhase;
			buildActionMask = 2147483647;
			files = (
			);
			runOnlyForDeploymentPostprocessing = 0;
		};
		38EB27891EF000F3007BF553 /* Frameworks */ = {
			isa = PBXFrameworksBuildPhase;
			buildActionMask = 2147483647;
			files = (
			);
			runOnlyForDeploymentPostprocessing = 0;
		};
/* End PBXFrameworksBuildPhase section */

/* Begin PBXGroup section */
		38EB276F1EF000F3007BF553 = {
			isa = PBXGroup;
			children = (
				38EB277A1EF000F3007BF553 /* RSSReader */,
				38EB278F1EF000F3007BF553 /* RSSReaderTests */,
				38EB27791EF000F3007BF553 /* Products */,
			);
			sourceTree = "<group>";
		};
		38EB27791EF000F3007BF553 /* Products */ = {
			isa = PBXGroup;
			children = (
				38EB27781EF000F3007BF553 /* RSSReader.app */,
				38EB278C1EF000F3007BF553 /* RSSReaderTests.xctest */,
			);
			name = Products;
			sourceTree = "<group>";
		};
		38EB277A1EF000F3007BF553 /* RSSReader */ = {
			isa = PBXGroup;
			children = (
				38EB277B1EF000F3007BF553 /* AppDelegate.swift */,
				38EB277D1EF000F3007BF553 /* ViewController.swift */,
				38EB277F1EF000F3007BF553 /* Main.storyboard */,
				38EB27821EF000F3007BF553 /* Assets.xcassets */,
				38EB27841EF000F3007BF553 /* LaunchScreen.storyboard */,
				38EB27871EF000F3007BF553 /* Info.plist */,
			);
			path = RSSReader;
			sourceTree = "<group>";
		};
		38EB278F1EF000F3007BF553 /* RSSReaderTests */ = {
			isa = PBXGroup;
			children = (
				38EB27901EF000F4007BF553 /* RSSReaderTests.swift */,
				38EB27921EF000F4007BF553 /* Info.plist */,
			);
			path = RSSReaderTests;
			sourceTree = "<group>";
		};
/* End PBXGroup section */

/* Begin PBXNativeTarget section */
		38EB27771EF000F3007BF553 /* RSSReader */ = {
			isa = PBXNativeTarget;
			buildConfigurationList = 38EB27951EF000F4007BF553 /* Build configuration list for PBXNativeTarget "RSSReader" */;
			buildPhases = (
				38EB27741EF000F3007BF553 /* Sources */,
				38EB27751EF000F3007BF553 /* Frameworks */,
				38EB27761EF000F3007BF553 /* Resources */,
			);
			buildRules = (
			);
			dependencies = (
			);
			name = RSSReader;
			productName = RSSReader;
			productReference = 38EB27781EF000F3007BF553 /* RSSReader.app */;
			productType = "com.apple.product-type.application";
		};
		38EB278B1EF000F3007BF553 /* RSSReaderTests */ = {
			isa = PBXNativeTarget;
			buildConfigurationList = 38EB27981EF000F4007BF553 /* Build configuration list for PBXNativeTarget "RSSReaderTests" */;
			buildPhases = (
				38EB27881EF000F3007BF553 /* Sources */,
				38EB27891EF000F3007BF553 /* Frameworks */,
				38EB278A1EF000F3007BF553 /* Resources */,
			);
			buildRules = (
			);
			dependencies = (
				38EB278E1EF000F3007BF553 /* PBXTargetDependency */,
			);
			name = RSSReaderTests;
			productName = RSSReaderTests;
			productReference = 38EB278C1EF000F3007BF553 /* RSSReaderTests.xctest */;
			productType = "com.apple.product-type.bundle.unit-test";
		};
/* End PBXNativeTarget section */

/* Begin PBXProject section */
		38EB27701EF000F3007BF553 /* Project object */ = {
			isa = PBXProject;
			attributes = {
				LastSwiftUpdateCheck = 0830;
				LastUpgradeCheck = 0830;
				ORGANIZATIONNAME = "Roland Tolnay";
				TargetAttributes = {
					38EB27771EF000F3007BF553 = {
						CreatedOnToolsVersion = 8.3.2;
						DevelopmentTeam = GS8L6UZQ3N;
						ProvisioningStyle = Automatic;
					};
					38EB278B1EF000F3007BF553 = {
						CreatedOnToolsVersion = 8.3.2;
						DevelopmentTeam = GS8L6UZQ3N;
						ProvisioningStyle = Automatic;
						TestTargetID = 38EB27771EF000F3007BF553;
					};
				};
			};
			buildConfigurationList = 38EB27731EF000F3007BF553 /* Build configuration list for PBXProject "RSSReader" */;
			compatibilityVersion = "Xcode 3.2";
			developmentRegion = English;
			hasScannedForEncodings = 0;
			knownRegions = (
				en,
				Base,
			);
			mainGroup = 38EB276F1EF000F3007BF553;
			productRefGroup = 38EB27791EF000F3007BF553 /* Products */;
			projectDirPath = "";
			projectRoot = "";
			targets = (
				38EB27771EF000F3007BF553 /* RSSReader */,
				38EB278B1EF000F3007BF553 /* RSSReaderTests */,
			);
		};
/* End PBXProject section */

/* Begin PBXResourcesBuildPhase section */
		38EB27761EF000F3007BF553 /* Resources */ = {
			isa = PBXResourcesBuildPhase;
			buildActionMask = 2147483647;
			files = (
				38EB27861EF000F3007BF553 /* LaunchScreen.storyboard in Resources */,
				38EB27831EF000F3007BF553 /* Assets.xcassets in Resources */,
				38EB27811EF000F3007BF553 /* Main.storyboard in Resources */,
			);
			runOnlyForDeploymentPostprocessing = 0;
		};
		38EB278A1EF000F3007BF553 /* Resources */ = {
			isa = PBXResourcesBuildPhase;
			buildActionMask = 2147483647;
			files = (
			);
			runOnlyForDeploymentPostprocessing = 0;
		};
/* End PBXResourcesBuildPhase section */

/* Begin PBXSourcesBuildPhase section */
		38EB27741EF000F3007BF553 /* Sources */ = {
			isa = PBXSourcesBuildPhase;
			buildActionMask = 2147483647;
			files = (
				38EB277E1EF000F3007BF553 /* ViewController.swift in Sources */,
				38EB277C1EF000F3007BF553 /* AppDelegate.swift in Sources */,
			);
			runOnlyForDeploymentPostprocessing = 0;
		};
		38EB27881EF000F3007BF553 /* Sources */ = {
			isa = PBXSourcesBuildPhase;
			buildActionMask = 2147483647;
			files = (
				38EB27911EF000F4007BF553 /* RSSReaderTests.swift in Sources */,
			);
			runOnlyForDeploymentPostprocessing = 0;
		};
/* End PBXSourcesBuildPhase section */

/* Begin PBXTargetDependency section */
		38EB278E1EF000F3007BF553 /* PBXTargetDependency */ = {
			isa = PBXTargetDependency;
			target = 38EB27771EF000F3007BF553 /* RSSReader */;
			targetProxy = 38EB278D1EF000F3007BF553 /* PBXContainerItemProxy */;
		};
/* End PBXTargetDependency section */

/* Begin PBXVariantGroup section */
		38EB277F1EF000F3007BF553 /* Main.storyboard */ = {
			isa = PBXVariantGroup;
			children = (
				38EB27801EF000F3007BF553 /* Base */,
			);
			name = Main.storyboard;
			sourceTree = "<group>";
		};
		38EB27841EF000F3007BF553 /* LaunchScreen.storyboard */ = {
			isa = PBXVariantGroup;
			children = (
				38EB27851EF000F3007BF553 /* Base */,
			);
			name = LaunchScreen.storyboard;
			sourceTree = "<group>";
		};
/* End PBXVariantGroup section */

/* Begin XCBuildConfiguration section */
		38EB27931EF000F4007BF553 /* Debug */ = {
			isa = XCBuildConfiguration;
			buildSettings = {
				ALWAYS_SEARCH_USER_PATHS = NO;
				CLANG_ANALYZER_NONNULL = YES;
				CLANG_ANALYZER_NUMBER_OBJECT_CONVERSION = YES_AGGRESSIVE;
				CLANG_CXX_LANGUAGE_STANDARD = "gnu++0x";
				CLANG_CXX_LIBRARY = "libc++";
				CLANG_ENABLE_MODULES = YES;
				CLANG_ENABLE_OBJC_ARC = YES;
				CLANG_WARN_BOOL_CONVERSION = YES;
				CLANG_WARN_CONSTANT_CONVERSION = YES;
				CLANG_WARN_DIRECT_OBJC_ISA_USAGE = YES_ERROR;
				CLANG_WARN_DOCUMENTATION_COMMENTS = YES;
				CLANG_WARN_EMPTY_BODY = YES;
				CLANG_WARN_ENUM_CONVERSION = YES;
				CLANG_WARN_INFINITE_RECURSION = YES;
				CLANG_WARN_INT_CONVERSION = YES;
				CLANG_WARN_OBJC_ROOT_CLASS = YES_ERROR;
				CLANG_WARN_SUSPICIOUS_MOVE = YES;
				CLANG_WARN_UNREACHABLE_CODE = YES;
				CLANG_WARN__DUPLICATE_METHOD_MATCH = YES;
				"CODE_SIGN_IDENTITY[sdk=iphoneos*]" = "iPhone Developer";
				COPY_PHASE_STRIP = NO;
				DEBUG_INFORMATION_FORMAT = dwarf;
				ENABLE_STRICT_OBJC_MSGSEND = YES;
				ENABLE_TESTABILITY = YES;
				GCC_C_LANGUAGE_STANDARD = gnu99;
				GCC_DYNAMIC_NO_PIC = NO;
				GCC_NO_COMMON_BLOCKS = YES;
				GCC_OPTIMIZATION_LEVEL = 0;
				GCC_PREPROCESSOR_DEFINITIONS = (
					"DEBUG=1",
					"$(inherited)",
				);
				GCC_WARN_64_TO_32_BIT_CONVERSION = YES;
				GCC_WARN_ABOUT_RETURN_TYPE = YES_ERROR;
				GCC_WARN_UNDECLARED_SELECTOR = YES;
				GCC_WARN_UNINITIALIZED_AUTOS = YES_AGGRESSIVE;
				GCC_WARN_UNUSED_FUNCTION = YES;
				GCC_WARN_UNUSED_VARIABLE = YES;
				IPHONEOS_DEPLOYMENT_TARGET = 10.3;
				MTL_ENABLE_DEBUG_INFO = YES;
				ONLY_ACTIVE_ARCH = YES;
				SDKROOT = iphoneos;
				SWIFT_ACTIVE_COMPILATION_CONDITIONS = DEBUG;
				SWIFT_OPTIMIZATION_LEVEL = "-Onone";
				TARGETED_DEVICE_FAMILY = "1,2";
			};
			name = Debug;
		};
		38EB27941EF000F4007BF553 /* Release */ = {
			isa = XCBuildConfiguration;
			buildSettings = {
				ALWAYS_SEARCH_USER_PATHS = NO;
				CLANG_ANALYZER_NONNULL = YES;
				CLANG_ANALYZER_NUMBER_OBJECT_CONVERSION = YES_AGGRESSIVE;
				CLANG_CXX_LANGUAGE_STANDARD = "gnu++0x";
				CLANG_CXX_LIBRARY = "libc++";
				CLANG_ENABLE_MODULES = YES;
				CLANG_ENABLE_OBJC_ARC = YES;
				CLANG_WARN_BOOL_CONVERSION = YES;
				CLANG_WARN_CONSTANT_CONVERSION = YES;
				CLANG_WARN_DIRECT_OBJC_ISA_USAGE = YES_ERROR;
				CLANG_WARN_DOCUMENTATION_COMMENTS = YES;
				CLANG_WARN_EMPTY_BODY = YES;
				CLANG_WARN_ENUM_CONVERSION = YES;
				CLANG_WARN_INFINITE_RECURSION = YES;
				CLANG_WARN_INT_CONVERSION = YES;
				CLANG_WARN_OBJC_ROOT_CLASS = YES_ERROR;
				CLANG_WARN_SUSPICIOUS_MOVE = YES;
				CLANG_WARN_UNREACHABLE_CODE = YES;
				CLANG_WARN__DUPLICATE_METHOD_MATCH = YES;
				"CODE_SIGN_IDENTITY[sdk=iphoneos*]" = "iPhone Developer";
				COPY_PHASE_STRIP = NO;
				DEBUG_INFORMATION_FORMAT = "dwarf-with-dsym";
				ENABLE_NS_ASSERTIONS = NO;
				ENABLE_STRICT_OBJC_MSGSEND = YES;
				GCC_C_LANGUAGE_STANDARD = gnu99;
				GCC_NO_COMMON_BLOCKS = YES;
				GCC_WARN_64_TO_32_BIT_CONVERSION = YES;
				GCC_WARN_ABOUT_RETURN_TYPE = YES_ERROR;
				GCC_WARN_UNDECLARED_SELECTOR = YES;
				GCC_WARN_UNINITIALIZED_AUTOS = YES_AGGRESSIVE;
				GCC_WARN_UNUSED_FUNCTION = YES;
				GCC_WARN_UNUSED_VARIABLE = YES;
				IPHONEOS_DEPLOYMENT_TARGET = 10.3;
				MTL_ENABLE_DEBUG_INFO = NO;
				SDKROOT = iphoneos;
				SWIFT_OPTIMIZATION_LEVEL = "-Owholemodule";
				TARGETED_DEVICE_FAMILY = "1,2";
				VALIDATE_PRODUCT = YES;
			};
			name = Release;
		};
		38EB27961EF000F4007BF553 /* Debug */ = {
			isa = XCBuildConfiguration;
			buildSettings = {
				ASSETCATALOG_COMPILER_APPICON_NAME = AppIcon;
				DEVELOPMENT_TEAM = GS8L6UZQ3N;
				INFOPLIST_FILE = RSSReader/Info.plist;
				LD_RUNPATH_SEARCH_PATHS = "$(inherited) @executable_path/Frameworks";
				PRODUCT_BUNDLE_IDENTIFIER = me.rolandtolnay.RSSReader;
				PRODUCT_NAME = "$(TARGET_NAME)";
				SWIFT_VERSION = 3.0;
			};
			name = Debug;
		};
		38EB27971EF000F4007BF553 /* Release */ = {
			isa = XCBuildConfiguration;
			buildSettings = {
				ASSETCATALOG_COMPILER_APPICON_NAME = AppIcon;
				DEVELOPMENT_TEAM = GS8L6UZQ3N;
				INFOPLIST_FILE = RSSReader/Info.plist;
				LD_RUNPATH_SEARCH_PATHS = "$(inherited) @executable_path/Frameworks";
				PRODUCT_BUNDLE_IDENTIFIER = me.rolandtolnay.RSSReader;
				PRODUCT_NAME = "$(TARGET_NAME)";
				SWIFT_VERSION = 3.0;
			};
			name = Release;
		};
		38EB27991EF000F4007BF553 /* Debug */ = {
			isa = XCBuildConfiguration;
			buildSettings = {
				ALWAYS_EMBED_SWIFT_STANDARD_LIBRARIES = YES;
				BUNDLE_LOADER = "$(TEST_HOST)";
				DEVELOPMENT_TEAM = GS8L6UZQ3N;
				INFOPLIST_FILE = RSSReaderTests/Info.plist;
				LD_RUNPATH_SEARCH_PATHS = "$(inherited) @executable_path/Frameworks @loader_path/Frameworks";
				PRODUCT_BUNDLE_IDENTIFIER = me.rolandtolnay.RSSReaderTests;
				PRODUCT_NAME = "$(TARGET_NAME)";
				SWIFT_VERSION = 3.0;
				TEST_HOST = "$(BUILT_PRODUCTS_DIR)/RSSReader.app/RSSReader";
			};
			name = Debug;
		};
		38EB279A1EF000F4007BF553 /* Release */ = {
			isa = XCBuildConfiguration;
			buildSettings = {
				ALWAYS_EMBED_SWIFT_STANDARD_LIBRARIES = YES;
				BUNDLE_LOADER = "$(TEST_HOST)";
				DEVELOPMENT_TEAM = GS8L6UZQ3N;
				INFOPLIST_FILE = RSSReaderTests/Info.plist;
				LD_RUNPATH_SEARCH_PATHS = "$(inherited) @executable_path/Frameworks @loader_path/Frameworks";
				PRODUCT_BUNDLE_IDENTIFIER = me.rolandtolnay.RSSReaderTests;
				PRODUCT_NAME = "$(TARGET_NAME)";
				SWIFT_VERSION = 3.0;
				TEST_HOST = "$(BUILT_PRODUCTS_DIR)/RSSReader.app/RSSReader";
			};
			name = Release;
		};
/* End XCBuildConfiguration section */

/* Begin XCConfigurationList section */
		38EB27731EF000F3007BF553 /* Build configuration list for PBXProject "RSSReader" */ = {
			isa = XCConfigurationList;
			buildConfigurations = (
				38EB27931EF000F4007BF553 /* Debug */,
				38EB27941EF000F4007BF553 /* Release */,
			);
			defaultConfigurationIsVisible = 0;
			defaultConfigurationName = Release;
		};
		38EB27951EF000F4007BF553 /* Build configuration list for PBXNativeTarget "RSSReader" */ = {
			isa = XCConfigurationList;
			buildConfigurations = (
				38EB27961EF000F4007BF553 /* Debug */,
				38EB27971EF000F4007BF553 /* Release */,
			);
			defaultConfigurationIsVisible = 0;
		};
		38EB27981EF000F4007BF553 /* Build configuration list for PBXNativeTarget "RSSReaderTests" */ = {
			isa = XCConfigurationList;
			buildConfigurations = (
				38EB27991EF000F4007BF553 /* Debug */,
				38EB279A1EF000F4007BF553 /* Release */,
			);
			defaultConfigurationIsVisible = 0;
		};
/* End XCConfigurationList section */
	};
	rootObject = 38EB27701EF000F3007BF553 /* Project object */;
}
